
Microsoft Visual Studio Solution File, Format Version 12.00
# Visual Studio Version 16
VisualStudioVersion = 16.0.31025.194
MinimumVisualStudioVersion = 10.0.40219.1
Project("{FAE04EC0-301F-11D3-BF4B-00C04F79EFBC}") = "CitySelection.WebApi", "CitySelection.WebApi\CitySelection.WebApi.csproj", "{966AC473-8786-4892-824E-FEB914866895}"
EndProject
Global
	GlobalSection(SolutionConfigurationPlatforms) = preSolution
		Debug|Any CPU = Debug|Any CPU
		Release|Any CPU = Release|Any CPU
	EndGlobalSection
	GlobalSection(ProjectConfigurationPlatforms) = postSolution
		{966AC473-8786-4892-824E-FEB914866895}.Debug|Any CPU.ActiveCfg = Debug|Any CPU
		{966AC473-8786-4892-824E-FEB914866895}.Debug|Any CPU.Build.0 = Debug|Any CPU
		{966AC473-8786-4892-824E-FEB914866895}.Release|Any CPU.ActiveCfg = Release|Any CPU
		{966AC473-8786-4892-824E-FEB914866895}.Release|Any CPU.Build.0 = Release|Any CPU
	EndGlobalSection
	GlobalSection(SolutionProperties) = preSolution
		HideSolutionNode = FALSE
	EndGlobalSection
	GlobalSection(ExtensibilityGlobals) = postSolution
		SolutionGuid = {F3B27E24-64D4-49FB-BC97-15DD9D4A5B93}
	EndGlobalSection
EndGlobal
